version = 1
revision = 3
requires-python = ">=3.14"

[[package]]
name = "actors"
version = "0.1.0"
source = { virtual = "." }

[package.dev-dependencies]
dev = [
    { name = "basedpyright" },
]

[package.metadata]

[package.metadata.requires-dev]
dev = [{ name = "basedpyright", specifier = ">=1.38.0" }]

[[package]]
name = "basedpyright"
version = "1.38.0"
source = { registry = "https://pypi.org/simple" }
dependencies = [
    { name = "nodejs-wheel-binaries" },
]
sdist = { url = "https://files.pythonhosted.org/packages/a2/d4/4ac6eeba6cfe2ad8586dcf87fdb9e8b045aa467b559bc2e24e91e84f58b2/basedpyright-1.38.0.tar.gz", hash = "sha256:7a9cf631d7eaf5859022a4352b51ed0e78ce115435a8599402239804000d0cdf", size = 25257385, upload-time = "2026-02-11T16:05:47.834Z" }
wheels = [
    { url = "https://files.pythonhosted.org/packages/d5/90/1883cec16d667d944b08e8d8909b9b2f46cc1d2b9731e855e3c71f9b0450/basedpyright-1.38.0-py3-none-any.whl", hash = "sha256:a6c11a343fd12a2152a0d721b0e92f54f2e2e3322ee2562197e27dad952f1a61", size = 12303557, upload-time = "2026-02-11T16:05:44.863Z" },
]

[[package]]
name = "nodejs-wheel-binaries"
version = "24.13.1"
source = { registry = "https://pypi.org/simple" }
sdist = { url = "https://files.pythonhosted.org/packages/e5/d0/81d98b8fddc45332f79d6ad5749b1c7409fb18723545eae75d9b7e0048fb/nodejs_wheel_binaries-24.13.1.tar.gz", hash = "sha256:512659a67449a038231e2e972d49e77049d2cf789ae27db39eff4ab1ca52ac57", size = 8056, upload-time = "2026-02-12T17:31:04.368Z" }
wheels = [
    { url = "https://files.pythonhosted.org/packages/aa/04/1ffe1838306654fcb50bcf46172567d50c8e27a76f4b9e55a1971fab5c4f/nodejs_wheel_binaries-24.13.1-py2.py3-none-macosx_13_0_arm64.whl", hash = "sha256:360ac9382c651de294c23c4933a02358c4e11331294983f3cf50ca1ac32666b1", size = 54757440, upload-time = "2026-02-12T17:30:35.748Z" },
    { url = "https://files.pythonhosted.org/packages/66/f6/81ad81bc3bd919a20b110130c4fd318c7b6a5abb37eb53daa353ad908012/nodejs_wheel_binaries-24.13.1-py2.py3-none-macosx_13_0_x86_64.whl", hash = "sha256:035b718946793986762cdd50deee7f5f1a8f1b0bad0f0cfd57cad5492f5ea018", size = 54932957, upload-time = "2026-02-12T17:30:40.114Z" },
    { url = "https://files.pythonhosted.org/packages/14/be/8e8a2bd50953c4c5b7e0fca07368d287917b84054dc3c93dd26a2940f0f9/nodejs_wheel_binaries-24.13.1-py2.py3-none-manylinux_2_28_aarch64.whl", hash = "sha256:f795e9238438c4225f76fbd01e2b8e1a322116bbd0dc15a7dbd585a3ad97961e", size = 59287257, upload-time = "2026-02-12T17:30:43.781Z" },
    { url = "https://files.pythonhosted.org/packages/58/57/92f6dfa40647702a9fa6d32393ce4595d0fc03c1daa9b245df66cc60e959/nodejs_wheel_binaries-24.13.1-py2.py3-none-manylinux_2_28_x86_64.whl", hash = "sha256:978328e3ad522571eb163b042dfbd7518187a13968fe372738f90fdfe8a46afc", size = 59781783, upload-time = "2026-02-12T17:30:47.387Z" },
    { url = "https://files.pythonhosted.org/packages/f7/a5/457b984cf675cf86ace7903204b9c36edf7a2d1b4325ddf71eaf8d1027c7/nodejs_wheel_binaries-24.13.1-py2.py3-none-musllinux_1_2_aarch64.whl", hash = "sha256:e1dc893df85299420cd2a5feea0c3f8482a719b5f7f82d5977d58718b8b78b5f", size = 61287166, upload-time = "2026-02-12T17:30:50.646Z" },
    { url = "https://files.pythonhosted.org/packages/3c/99/da515f7bc3bce35cfa6005f0e0c4e3c4042a466782b143112eb393b663be/nodejs_wheel_binaries-24.13.1-py2.py3-none-musllinux_1_2_x86_64.whl", hash = "sha256:0e581ae219a39073dcadd398a2eb648f0707b0f5d68c565586139f919c91cbe9", size = 61870142, upload-time = "2026-02-12T17:30:54.563Z" },
    { url = "https://files.pythonhosted.org/packages/cc/c0/22001d2c96d8200834af7d1de5e72daa3266c7270330275104c3d9ddd143/nodejs_wheel_binaries-24.13.1-py2.py3-none-win_amd64.whl", hash = "sha256:d4c969ea0bcb8c8b20bc6a7b4ad2796146d820278f17d4dc20229b088c833e22", size = 41185473, upload-time = "2026-02-12T17:30:57.524Z" },
    { url = "https://files.pythonhosted.org/packages/ab/c4/7532325f968ecfc078e8a028e69a52e4c3f95fb800906bf6931ac1e89e2b/nodejs_wheel_binaries-24.13.1-py2.py3-none-win_arm64.whl", hash = "sha256:caec398cb9e94c560bacdcba56b3828df22a355749eb291f47431af88cbf26dc", size = 38881194, upload-time = "2026-02-12T17:31:00.214Z" },
]
